
Microsoft Visual Studio Solution File, Format Version 12.00
# Visual Studio Version 16
VisualStudioVersion = 16.0.36324.18
MinimumVisualStudioVersion = 10.0.40219.1
Project("{FAE04EC0-301F-11D3-BF4B-00C04F79EFBC}") = "CapaVista", "CapaVista\CapaVista.csproj", "{2890998A-85E0-433A-A8A0-6F47069F3E4E}"
EndProject
Project("{FAE04EC0-301F-11D3-BF4B-00C04F79EFBC}") = "CapaModelo", "CapaModelo\CapaModelo.csproj", "{681C0C5D-BB43-40C2-A560-B27627B0C83B}"
EndProject
Project("{FAE04EC0-301F-11D3-BF4B-00C04F79EFBC}") = "CapaControlador", "CapaControlador\CapaControlador.csproj", "{AEF946EC-61B4-4186-99DC-DB5BF6925B9B}"
EndProject
Global
	GlobalSection(SolutionConfigurationPlatforms) = preSolution
		Debug|Any CPU = Debug|Any CPU
		Release|Any CPU = Release|Any CPU
	EndGlobalSection
	GlobalSection(ProjectConfigurationPlatforms) = postSolution
		{2890998A-85E0-433A-A8A0-6F47069F3E4E}.Debug|Any CPU.ActiveCfg = Debug|Any CPU
		{2890998A-85E0-433A-A8A0-6F47069F3E4E}.Debug|Any CPU.Build.0 = Debug|Any CPU
		{2890998A-85E0-433A-A8A0-6F47069F3E4E}.Release|Any CPU.ActiveCfg = Release|Any CPU
		{2890998A-85E0-433A-A8A0-6F47069F3E4E}.Release|Any CPU.Build.0 = Release|Any CPU
		{681C0C5D-BB43-40C2-A560-B27627B0C83B}.Debug|Any CPU.ActiveCfg = Debug|Any CPU
		{681C0C5D-BB43-40C2-A560-B27627B0C83B}.Debug|Any CPU.Build.0 = Debug|Any CPU
		{681C0C5D-BB43-40C2-A560-B27627B0C83B}.Release|Any CPU.ActiveCfg = Release|Any CPU
		{681C0C5D-BB43-40C2-A560-B27627B0C83B}.Release|Any CPU.Build.0 = Release|Any CPU
		{AEF946EC-61B4-4186-99DC-DB5BF6925B9B}.Debug|Any CPU.ActiveCfg = Debug|Any CPU
		{AEF946EC-61B4-4186-99DC-DB5BF6925B9B}.Debug|Any CPU.Build.0 = Debug|Any CPU
		{AEF946EC-61B4-4186-99DC-DB5BF6925B9B}.Release|Any CPU.ActiveCfg = Release|Any CPU
		{AEF946EC-61B4-4186-99DC-DB5BF6925B9B}.Release|Any CPU.Build.0 = Release|Any CPU
	EndGlobalSection
	GlobalSection(SolutionProperties) = preSolution
		HideSolutionNode = FALSE
	EndGlobalSection
	GlobalSection(ExtensibilityGlobals) = postSolution
		SolutionGuid = {A314C647-2989-477B-9318-2AD1B3F1B2AD}
	EndGlobalSection
EndGlobal
